// !$*UTF8*$!
{
	archiveVersion = 1;
	classes = {
	};
	objectVersion = 55;
	objects = {

/* Begin PBXBuildFile section */
		C61B03B8282E5477003542D8 /* SearchCustomCell.swift in Sources */ = {isa = PBXBuildFile; fileRef = C61B03B7282E5477003542D8 /* SearchCustomCell.swift */; };
		C61EEB75282BF59000E1B632 /* RLMMovie.swift in Sources */ = {isa = PBXBuildFile; fileRef = C61EEB74282BF59000E1B632 /* RLMMovie.swift */; };
		C629B063282CFA4200C9AD5F /* FavoritesCustomCell.swift in Sources */ = {isa = PBXBuildFile; fileRef = C629B062282CFA4200C9AD5F /* FavoritesCustomCell.swift */; };
		C635F7A0282A830900F945CB /* MovieDetailVC.swift in Sources */ = {isa = PBXBuildFile; fileRef = C635F79F282A830900F945CB /* MovieDetailVC.swift */; };
		C63E183B282A335B00BEF60A /* TrendingViewModel.swift in Sources */ = {isa = PBXBuildFile; fileRef = C63E183A282A335B00BEF60A /* TrendingViewModel.swift */; };
		C64B91B62828F66100069D61 /* Realm in Frameworks */ = {isa = PBXBuildFile; productRef = C64B91B52828F66100069D61 /* Realm */; };
		C64B91B82828F66100069D61 /* RealmSwift in Frameworks */ = {isa = PBXBuildFile; productRef = C64B91B72828F66100069D61 /* RealmSwift */; };
		C64FD32F2824F03200DFCA85 /* AppDelegate.swift in Sources */ = {isa = PBXBuildFile; fileRef = C64FD32E2824F03200DFCA85 /* AppDelegate.swift */; };
		C64FD3312824F03200DFCA85 /* SceneDelegate.swift in Sources */ = {isa = PBXBuildFile; fileRef = C64FD3302824F03200DFCA85 /* SceneDelegate.swift */; };
		C64FD3382824F03300DFCA85 /* Assets.xcassets in Resources */ = {isa = PBXBuildFile; fileRef = C64FD3372824F03300DFCA85 /* Assets.xcassets */; };
		C64FD33B2824F03300DFCA85 /* LaunchScreen.storyboard in Resources */ = {isa = PBXBuildFile; fileRef = C64FD3392824F03300DFCA85 /* LaunchScreen.storyboard */; };
		C64FD3562825156600DFCA85 /* NetworkManager.swift in Sources */ = {isa = PBXBuildFile; fileRef = C64FD3552825156600DFCA85 /* NetworkManager.swift */; };
		C64FD3582825159800DFCA85 /* TrendingVC.swift in Sources */ = {isa = PBXBuildFile; fileRef = C64FD3572825159800DFCA85 /* TrendingVC.swift */; };
		C64FD35A282515B100DFCA85 /* SearchVC.swift in Sources */ = {isa = PBXBuildFile; fileRef = C64FD359282515B100DFCA85 /* SearchVC.swift */; };
		C64FD35C282515C500DFCA85 /* FavoritesVC.swift in Sources */ = {isa = PBXBuildFile; fileRef = C64FD35B282515C500DFCA85 /* FavoritesVC.swift */; };
		C64FD35E2825179700DFCA85 /* Main.storyboard in Resources */ = {isa = PBXBuildFile; fileRef = C64FD35D2825179700DFCA85 /* Main.storyboard */; };
		C65B29D5283221FE00C3D49C /* MovieRequest.swift in Sources */ = {isa = PBXBuildFile; fileRef = C65B29D4283221FE00C3D49C /* MovieRequest.swift */; };
		C65B29D828322ACA00C3D49C /* Enum.swift in Sources */ = {isa = PBXBuildFile; fileRef = C65B29D728322ACA00C3D49C /* Enum.swift */; };
		C65B29DA28322BAC00C3D49C /* FavoritesViewModel.swift in Sources */ = {isa = PBXBuildFile; fileRef = C65B29D928322BAC00C3D49C /* FavoritesViewModel.swift */; };
		C65B29DC28323DC900C3D49C /* MovieDetailViewModel.swift in Sources */ = {isa = PBXBuildFile; fileRef = C65B29DB28323DC900C3D49C /* MovieDetailViewModel.swift */; };
		C65B29DE2832611200C3D49C /* MovieDetailView.swift in Sources */ = {isa = PBXBuildFile; fileRef = C65B29DD2832611200C3D49C /* MovieDetailView.swift */; };
		C6FA31F7282908CD001DA218 /* MovieCustomCell.swift in Sources */ = {isa = PBXBuildFile; fileRef = C6FA31F6282908CD001DA218 /* MovieCustomCell.swift */; };
/* End PBXBuildFile section */

/* Begin PBXFileReference section */
		C61B03B7282E5477003542D8 /* SearchCustomCell.swift */ = {isa = PBXFileReference; lastKnownFileType = sourcecode.swift; path = SearchCustomCell.swift; sourceTree = "<group>"; };
		C61EEB74282BF59000E1B632 /* RLMMovie.swift */ = {isa = PBXFileReference; lastKnownFileType = sourcecode.swift; path = RLMMovie.swift; sourceTree = "<group>"; };
		C629B062282CFA4200C9AD5F /* FavoritesCustomCell.swift */ = {isa = PBXFileReference; lastKnownFileType = sourcecode.swift; path = FavoritesCustomCell.swift; sourceTree = "<group>"; };
		C635F79F282A830900F945CB /* MovieDetailVC.swift */ = {isa = PBXFileReference; lastKnownFileType = sourcecode.swift; path = MovieDetailVC.swift; sourceTree = "<group>"; };
		C63E183A282A335B00BEF60A /* TrendingViewModel.swift */ = {isa = PBXFileReference; lastKnownFileType = sourcecode.swift; path = TrendingViewModel.swift; sourceTree = "<group>"; };
		C64FD32B2824F03200DFCA85 /* tmdb-realm.app */ = {isa = PBXFileReference; explicitFileType = wrapper.application; includeInIndex = 0; path = "tmdb-realm.app"; sourceTree = BUILT_PRODUCTS_DIR; };
		C64FD32E2824F03200DFCA85 /* AppDelegate.swift */ = {isa = PBXFileReference; lastKnownFileType = sourcecode.swift; path = AppDelegate.swift; sourceTree = "<group>"; };
		C64FD3302824F03200DFCA85 /* SceneDelegate.swift */ = {isa = PBXFileReference; lastKnownFileType = sourcecode.swift; path = SceneDelegate.swift; sourceTree = "<group>"; };
		C64FD3372824F03300DFCA85 /* Assets.xcassets */ = {isa = PBXFileReference; lastKnownFileType = folder.assetcatalog; path = Assets.xcassets; sourceTree = "<group>"; };
		C64FD33A2824F03300DFCA85 /* Base */ = {isa = PBXFileReference; lastKnownFileType = file.storyboard; name = Base; path = Base.lproj/LaunchScreen.storyboard; sourceTree = "<group>"; };
		C64FD33C2824F03300DFCA85 /* Info.plist */ = {isa = PBXFileReference; lastKnownFileType = text.plist.xml; path = Info.plist; sourceTree = "<group>"; };
		C64FD3552825156600DFCA85 /* NetworkManager.swift */ = {isa = PBXFileReference; lastKnownFileType = sourcecode.swift; path = NetworkManager.swift; sourceTree = "<group>"; };
		C64FD3572825159800DFCA85 /* TrendingVC.swift */ = {isa = PBXFileReference; lastKnownFileType = sourcecode.swift; path = TrendingVC.swift; sourceTree = "<group>"; };
		C64FD359282515B100DFCA85 /* SearchVC.swift */ = {isa = PBXFileReference; lastKnownFileType = sourcecode.swift; path = SearchVC.swift; sourceTree = "<group>"; };
		C64FD35B282515C500DFCA85 /* FavoritesVC.swift */ = {isa = PBXFileReference; lastKnownFileType = sourcecode.swift; path = FavoritesVC.swift; sourceTree = "<group>"; };
		C64FD35D2825179700DFCA85 /* Main.storyboard */ = {isa = PBXFileReference; lastKnownFileType = file.storyboard; path = Main.storyboard; sourceTree = "<group>"; };
		C65B29D4283221FE00C3D49C /* MovieRequest.swift */ = {isa = PBXFileReference; lastKnownFileType = sourcecode.swift; path = MovieRequest.swift; sourceTree = "<group>"; };
		C65B29D728322ACA00C3D49C /* Enum.swift */ = {isa = PBXFileReference; lastKnownFileType = sourcecode.swift; path = Enum.swift; sourceTree = "<group>"; };
		C65B29D928322BAC00C3D49C /* FavoritesViewModel.swift */ = {isa = PBXFileReference; lastKnownFileType = sourcecode.swift; path = FavoritesViewModel.swift; sourceTree = "<group>"; };
		C65B29DB28323DC900C3D49C /* MovieDetailViewModel.swift */ = {isa = PBXFileReference; lastKnownFileType = sourcecode.swift; path = MovieDetailViewModel.swift; sourceTree = "<group>"; };
		C65B29DD2832611200C3D49C /* MovieDetailView.swift */ = {isa = PBXFileReference; lastKnownFileType = sourcecode.swift; path = MovieDetailView.swift; sourceTree = "<group>"; };
		C6FA31F6282908CD001DA218 /* MovieCustomCell.swift */ = {isa = PBXFileReference; lastKnownFileType = sourcecode.swift; path = MovieCustomCell.swift; sourceTree = "<group>"; };
/* End PBXFileReference section */

/* Begin PBXFrameworksBuildPhase section */
		C64FD3282824F03200DFCA85 /* Frameworks */ = {
			isa = PBXFrameworksBuildPhase;
			buildActionMask = 2147483647;
			files = (
				C64B91B82828F66100069D61 /* RealmSwift in Frameworks */,
				C64B91B62828F66100069D61 /* Realm in Frameworks */,
			);
			runOnlyForDeploymentPostprocessing = 0;
		};
/* End PBXFrameworksBuildPhase section */

/* Begin PBXGroup section */
		C635F79E282A82E900F945CB /* MovieDetail */ = {
			isa = PBXGroup;
			children = (
				C635F79F282A830900F945CB /* MovieDetailVC.swift */,
				C65B29DB28323DC900C3D49C /* MovieDetailViewModel.swift */,
				C65B29DD2832611200C3D49C /* MovieDetailView.swift */,
			);
			path = MovieDetail;
			sourceTree = "<group>";
		};
		C64FD3222824F03200DFCA85 = {
			isa = PBXGroup;
			children = (
				C64FD32D2824F03200DFCA85 /* tmdb-realm */,
				C64FD32C2824F03200DFCA85 /* Products */,
			);
			sourceTree = "<group>";
		};
		C64FD32C2824F03200DFCA85 /* Products */ = {
			isa = PBXGroup;
			children = (
				C64FD32B2824F03200DFCA85 /* tmdb-realm.app */,
			);
			name = Products;
			sourceTree = "<group>";
		};
		C64FD32D2824F03200DFCA85 /* tmdb-realm */ = {
			isa = PBXGroup;
			children = (
				C6FA31F5282908A7001DA218 /* CustomView */,
				C64FD351282514E300DFCA85 /* Screens */,
				C64FD3482824FAD200DFCA85 /* Service */,
				C64FD3442824F82000DFCA85 /* Model */,
				C64FD32E2824F03200DFCA85 /* AppDelegate.swift */,
				C64FD3302824F03200DFCA85 /* SceneDelegate.swift */,
				C64FD3372824F03300DFCA85 /* Assets.xcassets */,
				C64FD35D2825179700DFCA85 /* Main.storyboard */,
				C64FD3392824F03300DFCA85 /* LaunchScreen.storyboard */,
				C64FD33C2824F03300DFCA85 /* Info.plist */,
			);
			path = "tmdb-realm";
			sourceTree = "<group>";
		};
		C64FD3442824F82000DFCA85 /* Model */ = {
			isa = PBXGroup;
			children = (
				C65B29D628322ABD00C3D49C /* Enumerations */,
				C61EEB74282BF59000E1B632 /* RLMMovie.swift */,
				C65B29D4283221FE00C3D49C /* MovieRequest.swift */,
			);
			path = Model;
			sourceTree = "<group>";
		};
		C64FD3482824FAD200DFCA85 /* Service */ = {
			isa = PBXGroup;
			children = (
				C64FD3552825156600DFCA85 /* NetworkManager.swift */,
			);
			path = Service;
			sourceTree = "<group>";
		};
		C64FD351282514E300DFCA85 /* Screens */ = {
			isa = PBXGroup;
			children = (
				C635F79E282A82E900F945CB /* MovieDetail */,
				C64FD3542825151200DFCA85 /* Favorites */,
				C64FD3532825150A00DFCA85 /* Trending */,
				C64FD352282514EF00DFCA85 /* Search */,
			);
			path = Screens;
			sourceTree = "<group>";
		};
		C64FD352282514EF00DFCA85 /* Search */ = {
			isa = PBXGroup;
			children = (
				C64FD359282515B100DFCA85 /* SearchVC.swift */,
			);
			path = Search;
			sourceTree = "<group>";
		};
		C64FD3532825150A00DFCA85 /* Trending */ = {
			isa = PBXGroup;
			children = (
				C64FD3572825159800DFCA85 /* TrendingVC.swift */,
				C63E183A282A335B00BEF60A /* TrendingViewModel.swift */,
			);
			path = Trending;
			sourceTree = "<group>";
		};
		C64FD3542825151200DFCA85 /* Favorites */ = {
			isa = PBXGroup;
			children = (
				C64FD35B282515C500DFCA85 /* FavoritesVC.swift */,
				C65B29D928322BAC00C3D49C /* FavoritesViewModel.swift */,
			);
			path = Favorites;
			sourceTree = "<group>";
		};
		C65B29D628322ABD00C3D49C /* Enumerations */ = {
			isa = PBXGroup;
			children = (
				C65B29D728322ACA00C3D49C /* Enum.swift */,
			);
			path = Enumerations;
			sourceTree = "<group>";
		};
		C6FA31F5282908A7001DA218 /* CustomView */ = {
			isa = PBXGroup;
			children = (
				C6FA31F6282908CD001DA218 /* MovieCustomCell.swift */,
				C629B062282CFA4200C9AD5F /* FavoritesCustomCell.swift */,
				C61B03B7282E5477003542D8 /* SearchCustomCell.swift */,
			);
			path = CustomView;
			sourceTree = "<group>";
		};
/* End PBXGroup section */

/* Begin PBXNativeTarget section */
		C64FD32A2824F03200DFCA85 /* tmdb-realm */ = {
			isa = PBXNativeTarget;
			buildConfigurationList = C64FD33F2824F03300DFCA85 /* Build configuration list for PBXNativeTarget "tmdb-realm" */;
			buildPhases = (
				C64FD3272824F03200DFCA85 /* Sources */,
				C64FD3282824F03200DFCA85 /* Frameworks */,
				C64FD3292824F03200DFCA85 /* Resources */,
			);
			buildRules = (
			);
			dependencies = (
			);
			name = "tmdb-realm";
			packageProductDependencies = (
				C64B91B52828F66100069D61 /* Realm */,
				C64B91B72828F66100069D61 /* RealmSwift */,
			);
			productName = "tmdb-realm";
			productReference = C64FD32B2824F03200DFCA85 /* tmdb-realm.app */;
			productType = "com.apple.product-type.application";
		};
/* End PBXNativeTarget section */

/* Begin PBXProject section */
		C64FD3232824F03200DFCA85 /* Project object */ = {
			isa = PBXProject;
			attributes = {
				BuildIndependentTargetsInParallel = 1;
				LastSwiftUpdateCheck = 1330;
				LastUpgradeCheck = 1330;
				TargetAttributes = {
					C64FD32A2824F03200DFCA85 = {
						CreatedOnToolsVersion = 13.3.1;
					};
				};
			};
			buildConfigurationList = C64FD3262824F03200DFCA85 /* Build configuration list for PBXProject "tmdb-realm" */;
			compatibilityVersion = "Xcode 13.0";
			developmentRegion = en;
			hasScannedForEncodings = 0;
			knownRegions = (
				en,
				Base,
			);
			mainGroup = C64FD3222824F03200DFCA85;
			packageReferences = (
				C64B91B42828F66100069D61 /* XCRemoteSwiftPackageReference "realm-swift" */,
			);
			productRefGroup = C64FD32C2824F03200DFCA85 /* Products */;
			projectDirPath = "";
			projectRoot = "";
			targets = (
				C64FD32A2824F03200DFCA85 /* tmdb-realm */,
			);
		};
/* End PBXProject section */

/* Begin PBXResourcesBuildPhase section */
		C64FD3292824F03200DFCA85 /* Resources */ = {
			isa = PBXResourcesBuildPhase;
			buildActionMask = 2147483647;
			files = (
				C64FD35E2825179700DFCA85 /* Main.storyboard in Resources */,
				C64FD33B2824F03300DFCA85 /* LaunchScreen.storyboard in Resources */,
				C64FD3382824F03300DFCA85 /* Assets.xcassets in Resources */,
			);
			runOnlyForDeploymentPostprocessing = 0;
		};
/* End PBXResourcesBuildPhase section */

/* Begin PBXSourcesBuildPhase section */
		C64FD3272824F03200DFCA85 /* Sources */ = {
			isa = PBXSourcesBuildPhase;
			buildActionMask = 2147483647;
			files = (
				C65B29DA28322BAC00C3D49C /* FavoritesViewModel.swift in Sources */,
				C629B063282CFA4200C9AD5F /* FavoritesCustomCell.swift in Sources */,
				C64FD35A282515B100DFCA85 /* SearchVC.swift in Sources */,
				C64FD3562825156600DFCA85 /* NetworkManager.swift in Sources */,
				C65B29DC28323DC900C3D49C /* MovieDetailViewModel.swift in Sources */,
				C6FA31F7282908CD001DA218 /* MovieCustomCell.swift in Sources */,
				C65B29D828322ACA00C3D49C /* Enum.swift in Sources */,
				C64FD32F2824F03200DFCA85 /* AppDelegate.swift in Sources */,
				C65B29D5283221FE00C3D49C /* MovieRequest.swift in Sources */,
				C635F7A0282A830900F945CB /* MovieDetailVC.swift in Sources */,
				C64FD3312824F03200DFCA85 /* SceneDelegate.swift in Sources */,
				C61EEB75282BF59000E1B632 /* RLMMovie.swift in Sources */,
				C63E183B282A335B00BEF60A /* TrendingViewModel.swift in Sources */,
				C61B03B8282E5477003542D8 /* SearchCustomCell.swift in Sources */,
				C65B29DE2832611200C3D49C /* MovieDetailView.swift in Sources */,
				C64FD35C282515C500DFCA85 /* FavoritesVC.swift in Sources */,
				C64FD3582825159800DFCA85 /* TrendingVC.swift in Sources */,
			);
			runOnlyForDeploymentPostprocessing = 0;
		};
/* End PBXSourcesBuildPhase section */

/* Begin PBXVariantGroup section */
		C64FD3392824F03300DFCA85 /* LaunchScreen.storyboard */ = {
			isa = PBXVariantGroup;
			children = (
				C64FD33A2824F03300DFCA85 /* Base */,
			);
			name = LaunchScreen.storyboard;
			sourceTree = "<group>";
		};
/* End PBXVariantGroup section */

/* Begin XCBuildConfiguration section */
		C64FD33D2824F03300DFCA85 /* Debug */ = {
			isa = XCBuildConfiguration;
			buildSettings = {
				ALWAYS_SEARCH_USER_PATHS = NO;
				CLANG_ANALYZER_NONNULL = YES;
				CLANG_ANALYZER_NUMBER_OBJECT_CONVERSION = YES_AGGRESSIVE;
				CLANG_CXX_LANGUAGE_STANDARD = "gnu++17";
				CLANG_ENABLE_MODULES = YES;
				CLANG_ENABLE_OBJC_ARC = YES;
				CLANG_ENABLE_OBJC_WEAK = YES;
				CLANG_WARN_BLOCK_CAPTURE_AUTORELEASING = YES;
				CLANG_WARN_BOOL_CONVERSION = YES;
				CLANG_WARN_COMMA = YES;
				CLANG_WARN_CONSTANT_CONVERSION = YES;
				CLANG_WARN_DEPRECATED_OBJC_IMPLEMENTATIONS = YES;
				CLANG_WARN_DIRECT_OBJC_ISA_USAGE = YES_ERROR;
				CLANG_WARN_DOCUMENTATION_COMMENTS = YES;
				CLANG_WARN_EMPTY_BODY = YES;
				CLANG_WARN_ENUM_CONVERSION = YES;
				CLANG_WARN_INFINITE_RECURSION = YES;
				CLANG_WARN_INT_CONVERSION = YES;
				CLANG_WARN_NON_LITERAL_NULL_CONVERSION = YES;
				CLANG_WARN_OBJC_IMPLICIT_RETAIN_SELF = YES;
				CLANG_WARN_OBJC_LITERAL_CONVERSION = YES;
				CLANG_WARN_OBJC_ROOT_CLASS = YES_ERROR;
				CLANG_WARN_QUOTED_INCLUDE_IN_FRAMEWORK_HEADER = YES;
				CLANG_WARN_RANGE_LOOP_ANALYSIS = YES;
				CLANG_WARN_STRICT_PROTOTYPES = YES;
				CLANG_WARN_SUSPICIOUS_MOVE = YES;
				CLANG_WARN_UNGUARDED_AVAILABILITY = YES_AGGRESSIVE;
				CLANG_WARN_UNREACHABLE_CODE = YES;
				CLANG_WARN__DUPLICATE_METHOD_MATCH = YES;
				COPY_PHASE_STRIP = NO;
				DEBUG_INFORMATION_FORMAT = dwarf;
				ENABLE_STRICT_OBJC_MSGSEND = YES;
				ENABLE_TESTABILITY = YES;
				GCC_C_LANGUAGE_STANDARD = gnu11;
				GCC_DYNAMIC_NO_PIC = NO;
				GCC_NO_COMMON_BLOCKS = YES;
				GCC_OPTIMIZATION_LEVEL = 0;
				GCC_PREPROCESSOR_DEFINITIONS = (
					"DEBUG=1",
					"$(inherited)",
				);
				GCC_WARN_64_TO_32_BIT_CONVERSION = YES;
				GCC_WARN_ABOUT_RETURN_TYPE = YES_ERROR;
				GCC_WARN_UNDECLARED_SELECTOR = YES;
				GCC_WARN_UNINITIALIZED_AUTOS = YES_AGGRESSIVE;
				GCC_WARN_UNUSED_FUNCTION = YES;
				GCC_WARN_UNUSED_VARIABLE = YES;
				IPHONEOS_DEPLOYMENT_TARGET = 15.4;
				MTL_ENABLE_DEBUG_INFO = INCLUDE_SOURCE;
				MTL_FAST_MATH = YES;
				ONLY_ACTIVE_ARCH = YES;
				SDKROOT = iphoneos;
				SWIFT_ACTIVE_COMPILATION_CONDITIONS = DEBUG;
				SWIFT_OPTIMIZATION_LEVEL = "-Onone";
			};
			name = Debug;
		};
		C64FD33E2824F03300DFCA85 /* Release */ = {
			isa = XCBuildConfiguration;
			buildSettings = {
				ALWAYS_SEARCH_USER_PATHS = NO;
				CLANG_ANALYZER_NONNULL = YES;
				CLANG_ANALYZER_NUMBER_OBJECT_CONVERSION = YES_AGGRESSIVE;
				CLANG_CXX_LANGUAGE_STANDARD = "gnu++17";
				CLANG_ENABLE_MODULES = YES;
				CLANG_ENABLE_OBJC_ARC = YES;
				CLANG_ENABLE_OBJC_WEAK = YES;
				CLANG_WARN_BLOCK_CAPTURE_AUTORELEASING = YES;
				CLANG_WARN_BOOL_CONVERSION = YES;
				CLANG_WARN_COMMA = YES;
				CLANG_WARN_CONSTANT_CONVERSION = YES;
				CLANG_WARN_DEPRECATED_OBJC_IMPLEMENTATIONS = YES;
				CLANG_WARN_DIRECT_OBJC_ISA_USAGE = YES_ERROR;
				CLANG_WARN_DOCUMENTATION_COMMENTS = YES;
				CLANG_WARN_EMPTY_BODY = YES;
				CLANG_WARN_ENUM_CONVERSION = YES;
				CLANG_WARN_INFINITE_RECURSION = YES;
				CLANG_WARN_INT_CONVERSION = YES;
				CLANG_WARN_NON_LITERAL_NULL_CONVERSION = YES;
				CLANG_WARN_OBJC_IMPLICIT_RETAIN_SELF = YES;
				CLANG_WARN_OBJC_LITERAL_CONVERSION = YES;
				CLANG_WARN_OBJC_ROOT_CLASS = YES_ERROR;
				CLANG_WARN_QUOTED_INCLUDE_IN_FRAMEWORK_HEADER = YES;
				CLANG_WARN_RANGE_LOOP_ANALYSIS = YES;
				CLANG_WARN_STRICT_PROTOTYPES = YES;
				CLANG_WARN_SUSPICIOUS_MOVE = YES;
				CLANG_WARN_UNGUARDED_AVAILABILITY = YES_AGGRESSIVE;
				CLANG_WARN_UNREACHABLE_CODE = YES;
				CLANG_WARN__DUPLICATE_METHOD_MATCH = YES;
				COPY_PHASE_STRIP = NO;
				DEBUG_INFORMATION_FORMAT = "dwarf-with-dsym";
				ENABLE_NS_ASSERTIONS = NO;
				ENABLE_STRICT_OBJC_MSGSEND = YES;
				GCC_C_LANGUAGE_STANDARD = gnu11;
				GCC_NO_COMMON_BLOCKS = YES;
				GCC_WARN_64_TO_32_BIT_CONVERSION = YES;
				GCC_WARN_ABOUT_RETURN_TYPE = YES_ERROR;
				GCC_WARN_UNDECLARED_SELECTOR = YES;
				GCC_WARN_UNINITIALIZED_AUTOS = YES_AGGRESSIVE;
				GCC_WARN_UNUSED_FUNCTION = YES;
				GCC_WARN_UNUSED_VARIABLE = YES;
				IPHONEOS_DEPLOYMENT_TARGET = 15.4;
				MTL_ENABLE_DEBUG_INFO = NO;
				MTL_FAST_MATH = YES;
				SDKROOT = iphoneos;
				SWIFT_COMPILATION_MODE = wholemodule;
				SWIFT_OPTIMIZATION_LEVEL = "-O";
				VALIDATE_PRODUCT = YES;
			};
			name = Release;
		};
		C64FD3402824F03300DFCA85 /* Debug */ = {
			isa = XCBuildConfiguration;
			buildSettings = {
				ASSETCATALOG_COMPILER_APPICON_NAME = AppIcon;
				ASSETCATALOG_COMPILER_GLOBAL_ACCENT_COLOR_NAME = AccentColor;
				CODE_SIGN_STYLE = Automatic;
				CURRENT_PROJECT_VERSION = 1;
				DEVELOPMENT_TEAM = W625T79HHU;
				GENERATE_INFOPLIST_FILE = YES;
				INFOPLIST_FILE = "tmdb-realm/Info.plist";
				INFOPLIST_KEY_UIApplicationSupportsIndirectInputEvents = YES;
				INFOPLIST_KEY_UILaunchStoryboardName = LaunchScreen;
				INFOPLIST_KEY_UIMainStoryboardFile = Main;
				INFOPLIST_KEY_UISupportedInterfaceOrientations = UIInterfaceOrientationPortrait;
				INFOPLIST_KEY_UISupportedInterfaceOrientations_iPad = "UIInterfaceOrientationPortrait UIInterfaceOrientationPortraitUpsideDown UIInterfaceOrientationLandscapeLeft UIInterfaceOrientationLandscapeRight";
				INFOPLIST_KEY_UISupportedInterfaceOrientations_iPhone = "UIInterfaceOrientationPortrait UIInterfaceOrientationLandscapeLeft UIInterfaceOrientationLandscapeRight";
				LD_RUNPATH_SEARCH_PATHS = (
					"$(inherited)",
					"@executable_path/Frameworks",
				);
				MARKETING_VERSION = 1.0;
				PRODUCT_BUNDLE_IDENTIFIER = "ebmarsak.tmdb-realm";
				PRODUCT_NAME = "$(TARGET_NAME)";
				SWIFT_EMIT_LOC_STRINGS = YES;
				SWIFT_VERSION = 5.0;
				TARGETED_DEVICE_FAMILY = 1;
			};
			name = Debug;
		};
		C64FD3412824F03300DFCA85 /* Release */ = {
			isa = XCBuildConfiguration;
			buildSettings = {
				ASSETCATALOG_COMPILER_APPICON_NAME = AppIcon;
				ASSETCATALOG_COMPILER_GLOBAL_ACCENT_COLOR_NAME = AccentColor;
				CODE_SIGN_STYLE = Automatic;
				CURRENT_PROJECT_VERSION = 1;
				DEVELOPMENT_TEAM = W625T79HHU;
				GENERATE_INFOPLIST_FILE = YES;
				INFOPLIST_FILE = "tmdb-realm/Info.plist";
				INFOPLIST_KEY_UIApplicationSupportsIndirectInputEvents = YES;
				INFOPLIST_KEY_UILaunchStoryboardName = LaunchScreen;
				INFOPLIST_KEY_UIMainStoryboardFile = Main;
				INFOPLIST_KEY_UISupportedInterfaceOrientations = UIInterfaceOrientationPortrait;
				INFOPLIST_KEY_UISupportedInterfaceOrientations_iPad = "UIInterfaceOrientationPortrait UIInterfaceOrientationPortraitUpsideDown UIInterfaceOrientationLandscapeLeft UIInterfaceOrientationLandscapeRight";
				INFOPLIST_KEY_UISupportedInterfaceOrientations_iPhone = "UIInterfaceOrientationPortrait UIInterfaceOrientationLandscapeLeft UIInterfaceOrientationLandscapeRight";
				LD_RUNPATH_SEARCH_PATHS = (
					"$(inherited)",
					"@executable_path/Frameworks",
				);
				MARKETING_VERSION = 1.0;
				PRODUCT_BUNDLE_IDENTIFIER = "ebmarsak.tmdb-realm";
				PRODUCT_NAME = "$(TARGET_NAME)";
				SWIFT_EMIT_LOC_STRINGS = YES;
				SWIFT_VERSION = 5.0;
				TARGETED_DEVICE_FAMILY = 1;
			};
			name = Release;
		};
/* End XCBuildConfiguration section */

/* Begin XCConfigurationList section */
		C64FD3262824F03200DFCA85 /* Build configuration list for PBXProject "tmdb-realm" */ = {
			isa = XCConfigurationList;
			buildConfigurations = (
				C64FD33D2824F03300DFCA85 /* Debug */,
				C64FD33E2824F03300DFCA85 /* Release */,
			);
			defaultConfigurationIsVisible = 0;
			defaultConfigurationName = Release;
		};
		C64FD33F2824F03300DFCA85 /* Build configuration list for PBXNativeTarget "tmdb-realm" */ = {
			isa = XCConfigurationList;
			buildConfigurations = (
				C64FD3402824F03300DFCA85 /* Debug */,
				C64FD3412824F03300DFCA85 /* Release */,
			);
			defaultConfigurationIsVisible = 0;
			defaultConfigurationName = Release;
		};
/* End XCConfigurationList section */

/* Begin XCRemoteSwiftPackageReference section */
		C64B91B42828F66100069D61 /* XCRemoteSwiftPackageReference "realm-swift" */ = {
			isa = XCRemoteSwiftPackageReference;
			repositoryURL = "https://github.com/realm/realm-swift.git";
			requirement = {
				branch = master;
				kind = branch;
			};
		};
/* End XCRemoteSwiftPackageReference section */

/* Begin XCSwiftPackageProductDependency section */
		C64B91B52828F66100069D61 /* Realm */ = {
			isa = XCSwiftPackageProductDependency;
			package = C64B91B42828F66100069D61 /* XCRemoteSwiftPackageReference "realm-swift" */;
			productName = Realm;
		};
		C64B91B72828F66100069D61 /* RealmSwift */ = {
			isa = XCSwiftPackageProductDependency;
			package = C64B91B42828F66100069D61 /* XCRemoteSwiftPackageReference "realm-swift" */;
			productName = RealmSwift;
		};
/* End XCSwiftPackageProductDependency section */
	};
	rootObject = C64FD3232824F03200DFCA85 /* Project object */;
}
